// !$*UTF8*$!
{
	archiveVersion = 1;
	classes = {
	};
	objectVersion = 50;
	objects = {

/* Begin PBXBuildFile section */
		C427FAE92196906C00B362C9 /* MyConstant.swift in Sources */ = {isa = PBXBuildFile; fileRef = C427FAE82196906C00B362C9 /* MyConstant.swift */; };
		C4A2D2AF217EDF720025E6DA /* AppDelegate.swift in Sources */ = {isa = PBXBuildFile; fileRef = C4A2D2AE217EDF720025E6DA /* AppDelegate.swift */; };
		C4A2D2B1217EDF720025E6DA /* ViewController.swift in Sources */ = {isa = PBXBuildFile; fileRef = C4A2D2B0217EDF720025E6DA /* ViewController.swift */; };
		C4A2D2B4217EDF720025E6DA /* Main.storyboard in Resources */ = {isa = PBXBuildFile; fileRef = C4A2D2B2217EDF720025E6DA /* Main.storyboard */; };
		C4A2D2B6217EDF730025E6DA /* Assets.xcassets in Resources */ = {isa = PBXBuildFile; fileRef = C4A2D2B5217EDF730025E6DA /* Assets.xcassets */; };
		C4A2D2B9217EDF730025E6DA /* LaunchScreen.storyboard in Resources */ = {isa = PBXBuildFile; fileRef = C4A2D2B7217EDF730025E6DA /* LaunchScreen.storyboard */; };
		C4A2D2C1217F0A2D0025E6DA /* SignUpViewController.swift in Sources */ = {isa = PBXBuildFile; fileRef = C4A2D2C0217F0A2D0025E6DA /* SignUpViewController.swift */; };
/* End PBXBuildFile section */

/* Begin PBXFileReference section */
		C427FAE82196906C00B362C9 /* MyConstant.swift */ = {isa = PBXFileReference; lastKnownFileType = sourcecode.swift; path = MyConstant.swift; sourceTree = "<group>"; };
		C4A2D2AB217EDF720025E6DA /* EasyAuthen__23oct18.app */ = {isa = PBXFileReference; explicitFileType = wrapper.application; includeInIndex = 0; path = EasyAuthen__23oct18.app; sourceTree = BUILT_PRODUCTS_DIR; };
		C4A2D2AE217EDF720025E6DA /* AppDelegate.swift */ = {isa = PBXFileReference; lastKnownFileType = sourcecode.swift; path = AppDelegate.swift; sourceTree = "<group>"; };
		C4A2D2B0217EDF720025E6DA /* ViewController.swift */ = {isa = PBXFileReference; lastKnownFileType = sourcecode.swift; path = ViewController.swift; sourceTree = "<group>"; };
		C4A2D2B3217EDF720025E6DA /* Base */ = {isa = PBXFileReference; lastKnownFileType = file.storyboard; name = Base; path = Base.lproj/Main.storyboard; sourceTree = "<group>"; };
		C4A2D2B5217EDF730025E6DA /* Assets.xcassets */ = {isa = PBXFileReference; lastKnownFileType = folder.assetcatalog; path = Assets.xcassets; sourceTree = "<group>"; };
		C4A2D2B8217EDF730025E6DA /* Base */ = {isa = PBXFileReference; lastKnownFileType = file.storyboard; name = Base; path = Base.lproj/LaunchScreen.storyboard; sourceTree = "<group>"; };
		C4A2D2BA217EDF730025E6DA /* Info.plist */ = {isa = PBXFileReference; lastKnownFileType = text.plist.xml; path = Info.plist; sourceTree = "<group>"; };
		C4A2D2C0217F0A2D0025E6DA /* SignUpViewController.swift */ = {isa = PBXFileReference; lastKnownFileType = sourcecode.swift; path = SignUpViewController.swift; sourceTree = "<group>"; };
/* End PBXFileReference section */

/* Begin PBXFrameworksBuildPhase section */
		C4A2D2A8217EDF720025E6DA /* Frameworks */ = {
			isa = PBXFrameworksBuildPhase;
			buildActionMask = 2147483647;
			files = (
			);
			runOnlyForDeploymentPostprocessing = 0;
		};
/* End PBXFrameworksBuildPhase section */

/* Begin PBXGroup section */
		C4A2D2A2217EDF720025E6DA = {
			isa = PBXGroup;
			children = (
				C4A2D2AD217EDF720025E6DA /* EasyAuthen__23oct18 */,
				C4A2D2AC217EDF720025E6DA /* Products */,
			);
			sourceTree = "<group>";
		};
		C4A2D2AC217EDF720025E6DA /* Products */ = {
			isa = PBXGroup;
			children = (
				C4A2D2AB217EDF720025E6DA /* EasyAuthen__23oct18.app */,
			);
			name = Products;
			sourceTree = "<group>";
		};
		C4A2D2AD217EDF720025E6DA /* EasyAuthen__23oct18 */ = {
			isa = PBXGroup;
			children = (
				C4A2D2AE217EDF720025E6DA /* AppDelegate.swift */,
				C4A2D2B0217EDF720025E6DA /* ViewController.swift */,
				C4A2D2B2217EDF720025E6DA /* Main.storyboard */,
				C4A2D2C0217F0A2D0025E6DA /* SignUpViewController.swift */,
				C427FAE82196906C00B362C9 /* MyConstant.swift */,
				C4A2D2B5217EDF730025E6DA /* Assets.xcassets */,
				C4A2D2B7217EDF730025E6DA /* LaunchScreen.storyboard */,
				C4A2D2BA217EDF730025E6DA /* Info.plist */,
			);
			path = EasyAuthen__23oct18;
			sourceTree = "<group>";
		};
/* End PBXGroup section */

/* Begin PBXNativeTarget section */
		C4A2D2AA217EDF720025E6DA /* EasyAuthen__23oct18 */ = {
			isa = PBXNativeTarget;
			buildConfigurationList = C4A2D2BD217EDF730025E6DA /* Build configuration list for PBXNativeTarget "EasyAuthen__23oct18" */;
			buildPhases = (
				C4A2D2A7217EDF720025E6DA /* Sources */,
				C4A2D2A8217EDF720025E6DA /* Frameworks */,
				C4A2D2A9217EDF720025E6DA /* Resources */,
			);
			buildRules = (
			);
			dependencies = (
			);
			name = EasyAuthen__23oct18;
			productName = EasyAuthen__23oct18;
			productReference = C4A2D2AB217EDF720025E6DA /* EasyAuthen__23oct18.app */;
			productType = "com.apple.product-type.application";
		};
/* End PBXNativeTarget section */

/* Begin PBXProject section */
		C4A2D2A3217EDF720025E6DA /* Project object */ = {
			isa = PBXProject;
			attributes = {
				LastSwiftUpdateCheck = 1000;
				LastUpgradeCheck = 1000;
				ORGANIZATIONNAME = MasterUNG;
				TargetAttributes = {
					C4A2D2AA217EDF720025E6DA = {
						CreatedOnToolsVersion = 10.0;
					};
				};
			};
			buildConfigurationList = C4A2D2A6217EDF720025E6DA /* Build configuration list for PBXProject "EasyAuthen__23oct18" */;
			compatibilityVersion = "Xcode 9.3";
			developmentRegion = en;
			hasScannedForEncodings = 0;
			knownRegions = (
				en,
				Base,
			);
			mainGroup = C4A2D2A2217EDF720025E6DA;
			productRefGroup = C4A2D2AC217EDF720025E6DA /* Products */;
			projectDirPath = "";
			projectRoot = "";
			targets = (
				C4A2D2AA217EDF720025E6DA /* EasyAuthen__23oct18 */,
			);
		};
/* End PBXProject section */

/* Begin PBXResourcesBuildPhase section */
		C4A2D2A9217EDF720025E6DA /* Resources */ = {
			isa = PBXResourcesBuildPhase;
			buildActionMask = 2147483647;
			files = (
				C4A2D2B9217EDF730025E6DA /* LaunchScreen.storyboard in Resources */,
				C4A2D2B6217EDF730025E6DA /* Assets.xcassets in Resources */,
				C4A2D2B4217EDF720025E6DA /* Main.storyboard in Resources */,
			);
			runOnlyForDeploymentPostprocessing = 0;
		};
/* End PBXResourcesBuildPhase section */

/* Begin PBXSourcesBuildPhase section */
		C4A2D2A7217EDF720025E6DA /* Sources */ = {
			isa = PBXSourcesBuildPhase;
			buildActionMask = 2147483647;
			files = (
				C4A2D2C1217F0A2D0025E6DA /* SignUpViewController.swift in Sources */,
				C4A2D2B1217EDF720025E6DA /* ViewController.swift in Sources */,
				C4A2D2AF217EDF720025E6DA /* AppDelegate.swift in Sources */,
				C427FAE92196906C00B362C9 /* MyConstant.swift in Sources */,
			);
			runOnlyForDeploymentPostprocessing = 0;
		};
/* End PBXSourcesBuildPhase section */

/* Begin PBXVariantGroup section */
		C4A2D2B2217EDF720025E6DA /* Main.storyboard */ = {
			isa = PBXVariantGroup;
			children = (
				C4A2D2B3217EDF720025E6DA /* Base */,
			);
			name = Main.storyboard;
			sourceTree = "<group>";
		};
		C4A2D2B7217EDF730025E6DA /* LaunchScreen.storyboard */ = {
			isa = PBXVariantGroup;
			children = (
				C4A2D2B8217EDF730025E6DA /* Base */,
			);
			name = LaunchScreen.storyboard;
			sourceTree = "<group>";
		};
/* End PBXVariantGroup section */

/* Begin XCBuildConfiguration section */
		C4A2D2BB217EDF730025E6DA /* Debug */ = {
			isa = XCBuildConfiguration;
			buildSettings = {
				ALWAYS_SEARCH_USER_PATHS = NO;
				CLANG_ANALYZER_NONNULL = YES;
				CLANG_ANALYZER_NUMBER_OBJECT_CONVERSION = YES_AGGRESSIVE;
				CLANG_CXX_LANGUAGE_STANDARD = "gnu++14";
				CLANG_CXX_LIBRARY = "libc++";
				CLANG_ENABLE_MODULES = YES;
				CLANG_ENABLE_OBJC_ARC = YES;
				CLANG_ENABLE_OBJC_WEAK = YES;
				CLANG_WARN_BLOCK_CAPTURE_AUTORELEASING = YES;
				CLANG_WARN_BOOL_CONVERSION = YES;
				CLANG_WARN_COMMA = YES;
				CLANG_WARN_CONSTANT_CONVERSION = YES;
				CLANG_WARN_DEPRECATED_OBJC_IMPLEMENTATIONS = YES;
				CLANG_WARN_DIRECT_OBJC_ISA_USAGE = YES_ERROR;
				CLANG_WARN_DOCUMENTATION_COMMENTS = YES;
				CLANG_WARN_EMPTY_BODY = YES;
				CLANG_WARN_ENUM_CONVERSION = YES;
				CLANG_WARN_INFINITE_RECURSION = YES;
				CLANG_WARN_INT_CONVERSION = YES;
				CLANG_WARN_NON_LITERAL_NULL_CONVERSION = YES;
				CLANG_WARN_OBJC_IMPLICIT_RETAIN_SELF = YES;
				CLANG_WARN_OBJC_LITERAL_CONVERSION = YES;
				CLANG_WARN_OBJC_ROOT_CLASS = YES_ERROR;
				CLANG_WARN_RANGE_LOOP_ANALYSIS = YES;
				CLANG_WARN_STRICT_PROTOTYPES = YES;
				CLANG_WARN_SUSPICIOUS_MOVE = YES;
				CLANG_WARN_UNGUARDED_AVAILABILITY = YES_AGGRESSIVE;
				CLANG_WARN_UNREACHABLE_CODE = YES;
				CLANG_WARN__DUPLICATE_METHOD_MATCH = YES;
				CODE_SIGN_IDENTITY = "iPhone Developer";
				COPY_PHASE_STRIP = NO;
				DEBUG_INFORMATION_FORMAT = dwarf;
				ENABLE_STRICT_OBJC_MSGSEND = YES;
				ENABLE_TESTABILITY = YES;
				GCC_C_LANGUAGE_STANDARD = gnu11;
				GCC_DYNAMIC_NO_PIC = NO;
				GCC_NO_COMMON_BLOCKS = YES;
				GCC_OPTIMIZATION_LEVEL = 0;
				GCC_PREPROCESSOR_DEFINITIONS = (
					"DEBUG=1",
					"$(inherited)",
				);
				GCC_WARN_64_TO_32_BIT_CONVERSION = YES;
				GCC_WARN_ABOUT_RETURN_TYPE = YES_ERROR;
				GCC_WARN_UNDECLARED_SELECTOR = YES;
				GCC_WARN_UNINITIALIZED_AUTOS = YES_AGGRESSIVE;
				GCC_WARN_UNUSED_FUNCTION = YES;
				GCC_WARN_UNUSED_VARIABLE = YES;
				IPHONEOS_DEPLOYMENT_TARGET = 12.0;
				MTL_ENABLE_DEBUG_INFO = INCLUDE_SOURCE;
				MTL_FAST_MATH = YES;
				ONLY_ACTIVE_ARCH = YES;
				SDKROOT = iphoneos;
				SWIFT_ACTIVE_COMPILATION_CONDITIONS = DEBUG;
				SWIFT_OPTIMIZATION_LEVEL = "-Onone";
			};
			name = Debug;
		};
		C4A2D2BC217EDF730025E6DA /* Release */ = {
			isa = XCBuildConfiguration;
			buildSettings = {
				ALWAYS_SEARCH_USER_PATHS = NO;
				CLANG_ANALYZER_NONNULL = YES;
				CLANG_ANALYZER_NUMBER_OBJECT_CONVERSION = YES_AGGRESSIVE;
				CLANG_CXX_LANGUAGE_STANDARD = "gnu++14";
				CLANG_CXX_LIBRARY = "libc++";
				CLANG_ENABLE_MODULES = YES;
				CLANG_ENABLE_OBJC_ARC = YES;
				CLANG_ENABLE_OBJC_WEAK = YES;
				CLANG_WARN_BLOCK_CAPTURE_AUTORELEASING = YES;
				CLANG_WARN_BOOL_CONVERSION = YES;
				CLANG_WARN_COMMA = YES;
				CLANG_WARN_CONSTANT_CONVERSION = YES;
				CLANG_WARN_DEPRECATED_OBJC_IMPLEMENTATIONS = YES;
				CLANG_WARN_DIRECT_OBJC_ISA_USAGE = YES_ERROR;
				CLANG_WARN_DOCUMENTATION_COMMENTS = YES;
				CLANG_WARN_EMPTY_BODY = YES;
				CLANG_WARN_ENUM_CONVERSION = YES;
				CLANG_WARN_INFINITE_RECURSION = YES;
				CLANG_WARN_INT_CONVERSION = YES;
				CLANG_WARN_NON_LITERAL_NULL_CONVERSION = YES;
				CLANG_WARN_OBJC_IMPLICIT_RETAIN_SELF = YES;
				CLANG_WARN_OBJC_LITERAL_CONVERSION = YES;
				CLANG_WARN_OBJC_ROOT_CLASS = YES_ERROR;
				CLANG_WARN_RANGE_LOOP_ANALYSIS = YES;
				CLANG_WARN_STRICT_PROTOTYPES = YES;
				CLANG_WARN_SUSPICIOUS_MOVE = YES;
				CLANG_WARN_UNGUARDED_AVAILABILITY = YES_AGGRESSIVE;
				CLANG_WARN_UNREACHABLE_CODE = YES;
				CLANG_WARN__DUPLICATE_METHOD_MATCH = YES;
				CODE_SIGN_IDENTITY = "iPhone Developer";
				COPY_PHASE_STRIP = NO;
				DEBUG_INFORMATION_FORMAT = "dwarf-with-dsym";
				ENABLE_NS_ASSERTIONS = NO;
				ENABLE_STRICT_OBJC_MSGSEND = YES;
				GCC_C_LANGUAGE_STANDARD = gnu11;
				GCC_NO_COMMON_BLOCKS = YES;
				GCC_WARN_64_TO_32_BIT_CONVERSION = YES;
				GCC_WARN_ABOUT_RETURN_TYPE = YES_ERROR;
				GCC_WARN_UNDECLARED_SELECTOR = YES;
				GCC_WARN_UNINITIALIZED_AUTOS = YES_AGGRESSIVE;
				GCC_WARN_UNUSED_FUNCTION = YES;
				GCC_WARN_UNUSED_VARIABLE = YES;
				IPHONEOS_DEPLOYMENT_TARGET = 12.0;
				MTL_ENABLE_DEBUG_INFO = NO;
				MTL_FAST_MATH = YES;
				SDKROOT = iphoneos;
				SWIFT_COMPILATION_MODE = wholemodule;
				SWIFT_OPTIMIZATION_LEVEL = "-O";
				VALIDATE_PRODUCT = YES;
			};
			name = Release;
		};
		C4A2D2BE217EDF730025E6DA /* Debug */ = {
			isa = XCBuildConfiguration;
			buildSettings = {
				ASSETCATALOG_COMPILER_APPICON_NAME = AppIcon;
				CODE_SIGN_STYLE = Automatic;
				INFOPLIST_FILE = EasyAuthen__23oct18/Info.plist;
				LD_RUNPATH_SEARCH_PATHS = (
					"$(inherited)",
					"@executable_path/Frameworks",
				);
				PRODUCT_BUNDLE_IDENTIFIER = "androidthai.in.th.EasyAuthen--23oct18";
				PRODUCT_NAME = "$(TARGET_NAME)";
				SWIFT_VERSION = 4.2;
				TARGETED_DEVICE_FAMILY = "1,2";
			};
			name = Debug;
		};
		C4A2D2BF217EDF730025E6DA /* Release */ = {
			isa = XCBuildConfiguration;
			buildSettings = {
				ASSETCATALOG_COMPILER_APPICON_NAME = AppIcon;
				CODE_SIGN_STYLE = Automatic;
				INFOPLIST_FILE = EasyAuthen__23oct18/Info.plist;
				LD_RUNPATH_SEARCH_PATHS = (
					"$(inherited)",
					"@executable_path/Frameworks",
				);
				PRODUCT_BUNDLE_IDENTIFIER = "androidthai.in.th.EasyAuthen--23oct18";
				PRODUCT_NAME = "$(TARGET_NAME)";
				SWIFT_VERSION = 4.2;
				TARGETED_DEVICE_FAMILY = "1,2";
			};
			name = Release;
		};
/* End XCBuildConfiguration section */

/* Begin XCConfigurationList section */
		C4A2D2A6217EDF720025E6DA /* Build configuration list for PBXProject "EasyAuthen__23oct18" */ = {
			isa = XCConfigurationList;
			buildConfigurations = (
				C4A2D2BB217EDF730025E6DA /* Debug */,
				C4A2D2BC217EDF730025E6DA /* Release */,
			);
			defaultConfigurationIsVisible = 0;
			defaultConfigurationName = Release;
		};
		C4A2D2BD217EDF730025E6DA /* Build configuration list for PBXNativeTarget "EasyAuthen__23oct18" */ = {
			isa = XCConfigurationList;
			buildConfigurations = (
				C4A2D2BE217EDF730025E6DA /* Debug */,
				C4A2D2BF217EDF730025E6DA /* Release */,
			);
			defaultConfigurationIsVisible = 0;
			defaultConfigurationName = Release;
		};
/* End XCConfigurationList section */
	};
	rootObject = C4A2D2A3217EDF720025E6DA /* Project object */;
}
